
Microsoft Visual Studio Solution File, Format Version 12.00
# Visual Studio 2012
Project("{FAE04EC0-301F-11D3-BF4B-00C04F79EFBC}") = "JenkinsTransport", "JenkinsTransport\JenkinsTransport.csproj", "{6B149D37-AAEA-419C-A23F-F1796BD78615}"
EndProject
Project("{FAE04EC0-301F-11D3-BF4B-00C04F79EFBC}") = "JenkinsTransport.UnitTests", "JenkinsTransport.UnitTests\JenkinsTransport.UnitTests.csproj", "{75AA65FB-1567-4608-A95E-ACE1FA0F1956}"
EndProject
Project("{2150E333-8FDC-42A3-9474-1A3956D46DE8}") = "Tests", "Tests", "{9EDA3AA5-20EA-4211-96EF-FA1855DA70BE}"
EndProject
Project("{FAE04EC0-301F-11D3-BF4B-00C04F79EFBC}") = "JenkinsTransport.IntegrationTests", "JenkinsTransport.IntegrationTests\JenkinsTransport.IntegrationTests.csproj", "{A973FAD7-0DC8-4454-B7E6-A111C47DFE7A}"
EndProject
Project("{2150E333-8FDC-42A3-9474-1A3956D46DE8}") = ".nuget", ".nuget", "{6521B8D9-5472-4DFD-9658-CAE87F0D29C1}"
	ProjectSection(SolutionItems) = preProject
		.nuget\packages.config = .nuget\packages.config
	EndProjectSection
EndProject
Global
	GlobalSection(SolutionConfigurationPlatforms) = preSolution
		Debug|Any CPU = Debug|Any CPU
		Release|Any CPU = Release|Any CPU
	EndGlobalSection
	GlobalSection(ProjectConfigurationPlatforms) = postSolution
		{6B149D37-AAEA-419C-A23F-F1796BD78615}.Debug|Any CPU.ActiveCfg = Debug|Any CPU
		{6B149D37-AAEA-419C-A23F-F1796BD78615}.Debug|Any CPU.Build.0 = Debug|Any CPU
		{6B149D37-AAEA-419C-A23F-F1796BD78615}.Release|Any CPU.ActiveCfg = Release|Any CPU
		{6B149D37-AAEA-419C-A23F-F1796BD78615}.Release|Any CPU.Build.0 = Release|Any CPU
		{75AA65FB-1567-4608-A95E-ACE1FA0F1956}.Debug|Any CPU.ActiveCfg = Debug|Any CPU
		{75AA65FB-1567-4608-A95E-ACE1FA0F1956}.Debug|Any CPU.Build.0 = Debug|Any CPU
		{75AA65FB-1567-4608-A95E-ACE1FA0F1956}.Release|Any CPU.ActiveCfg = Release|Any CPU
		{75AA65FB-1567-4608-A95E-ACE1FA0F1956}.Release|Any CPU.Build.0 = Release|Any CPU
		{A973FAD7-0DC8-4454-B7E6-A111C47DFE7A}.Debug|Any CPU.ActiveCfg = Debug|Any CPU
		{A973FAD7-0DC8-4454-B7E6-A111C47DFE7A}.Debug|Any CPU.Build.0 = Debug|Any CPU
		{A973FAD7-0DC8-4454-B7E6-A111C47DFE7A}.Release|Any CPU.ActiveCfg = Release|Any CPU
		{A973FAD7-0DC8-4454-B7E6-A111C47DFE7A}.Release|Any CPU.Build.0 = Release|Any CPU
	EndGlobalSection
	GlobalSection(SolutionProperties) = preSolution
		HideSolutionNode = FALSE
	EndGlobalSection
	GlobalSection(NestedProjects) = preSolution
		{75AA65FB-1567-4608-A95E-ACE1FA0F1956} = {9EDA3AA5-20EA-4211-96EF-FA1855DA70BE}
		{A973FAD7-0DC8-4454-B7E6-A111C47DFE7A} = {9EDA3AA5-20EA-4211-96EF-FA1855DA70BE}
	EndGlobalSection
EndGlobal
