
Microsoft Visual Studio Solution File, Format Version 11.00
# Visual Studio 2010
Project("{FAE04EC0-301F-11D3-BF4B-00C04F79EFBC}") = "JenkinsTransport", "JenkinsTransport\JenkinsTransport.csproj", "{6B149D37-AAEA-419C-A23F-F1796BD78615}"
EndProject
Project("{FAE04EC0-301F-11D3-BF4B-00C04F79EFBC}") = "JenkinsTransport.Tests", "JenkinsTransport.Tests\JenkinsTransport.Tests.csproj", "{6C85550A-7C95-47FC-BD4A-26ED9FA7A9FC}"
EndProject
Project("{2150E333-8FDC-42A3-9474-1A3956D46DE8}") = "Examples", "Examples", "{F67F16CA-37E0-41E0-8170-35D674F51E49}"
	ProjectSection(SolutionItems) = preProject
		Examples\jenkins-api-all.xml = Examples\jenkins-api-all.xml
		Examples\jenkins-api-build-info.xml = Examples\jenkins-api-build-info.xml
		Examples\jenkins-api-project.xml = Examples\jenkins-api-project.xml
	EndProjectSection
EndProject
Global
	GlobalSection(SolutionConfigurationPlatforms) = preSolution
		Debug|Any CPU = Debug|Any CPU
		Release|Any CPU = Release|Any CPU
	EndGlobalSection
	GlobalSection(ProjectConfigurationPlatforms) = postSolution
		{6B149D37-AAEA-419C-A23F-F1796BD78615}.Debug|Any CPU.ActiveCfg = Release|Any CPU
		{6B149D37-AAEA-419C-A23F-F1796BD78615}.Debug|Any CPU.Build.0 = Release|Any CPU
		{6B149D37-AAEA-419C-A23F-F1796BD78615}.Release|Any CPU.ActiveCfg = Release|Any CPU
		{6B149D37-AAEA-419C-A23F-F1796BD78615}.Release|Any CPU.Build.0 = Release|Any CPU
		{6C85550A-7C95-47FC-BD4A-26ED9FA7A9FC}.Debug|Any CPU.ActiveCfg = Debug|Any CPU
		{6C85550A-7C95-47FC-BD4A-26ED9FA7A9FC}.Debug|Any CPU.Build.0 = Debug|Any CPU
		{6C85550A-7C95-47FC-BD4A-26ED9FA7A9FC}.Release|Any CPU.ActiveCfg = Release|Any CPU
		{6C85550A-7C95-47FC-BD4A-26ED9FA7A9FC}.Release|Any CPU.Build.0 = Release|Any CPU
	EndGlobalSection
	GlobalSection(SolutionProperties) = preSolution
		HideSolutionNode = FALSE
	EndGlobalSection
EndGlobal
